<?xml version="1.0" encoding="utf-8"?>
<Project ToolsVersion="4.0" xmlns="http://schemas.microsoft.com/developer/msbuild/2003">
  <ItemGroup>
    <Filter Include="Source Files">
      <UniqueIdentifier>{4FC737F1-C7A5-4376-A066-2A32D752A2FF}</UniqueIdentifier>
      <Extensions>cpp;c;cc;cxx;def;odl;idl;hpj;bat;asm;asmx</Extensions>
    </Filter>
    <Filter Include="Header Files">
      <UniqueIdentifier>{93995380-89BD-4b04-88EB-625FBE52EBFB}</UniqueIdentifier>
      <Extensions>h;hh;hpp;hxx;hm;inl;inc;ipp;xsd</Extensions>
    </Filter>
    <Filter Include="Resource Files">
      <UniqueIdentifier>{67DA6AB6-F800-4c08-8B7A-83BB121AAD01}</UniqueIdentifier>
      <Extensions>rc;ico;cur;bmp;dlg;rc2;rct;bin;rgs;gif;jpg;jpeg;jpe;resx;tiff;tif;png;wav;mfcribbon-ms</Extensions>
    </Filter>
  </ItemGroup>
  <ItemGroup>
    <ClCompile Include="main.cpp">
      <Filter>Source Files</Filter>
    </ClCompile>
  </ItemGroup>
  <ItemGroup>
    <ClInclude Include="zh\graph\graph.hpp">
      <Filter>Header Files</Filter>
    </ClInclude>
    <ClInclude Include="deps\ska\bytell_hash_map.hpp">
      <Filter>Header Files</Filter>
    </ClInclude>
    <ClInclude Include="deps\ska\flat_hash_map.hpp">
      <Filter>Header Files</Filter>
    </ClInclude>
    <ClInclude Include="deps\ska\unordered_map.hpp">
      <Filter>Header Files</Filter>
    </ClInclude>
    <ClInclude Include="deps\zh\manual_ptr.hpp">
      <Filter>Header Files</Filter>
    </ClInclude>
    <ClInclude Include="deps\zh\manual_ptr\manual_ptr.hpp">
      <Filter>Header Files</Filter>
    </ClInclude>
    <ClInclude Include="zh\graph\connection\connection.hpp">
      <Filter>Header Files</Filter>
    </ClInclude>
    <ClInclude Include="zh\graph\connection\connection_functors.hpp">
      <Filter>Header Files</Filter>
    </ClInclude>
    <ClInclude Include="zh\graph\node\node.hpp">
      <Filter>Header Files</Filter>
    </ClInclude>
    <ClInclude Include="zh\graph\connection\connection_fwd.hpp">
      <Filter>Header Files</Filter>
    </ClInclude>
    <ClInclude Include="zh\graph\node\functors.hpp">
      <Filter>Header Files</Filter>
    </ClInclude>
    <ClInclude Include="zh\graph\node\node_fwd.hpp">
      <Filter>Header Files</Filter>
    </ClInclude>
    <ClInclude Include="zh\graph\edge\edge.hpp">
      <Filter>Header Files</Filter>
    </ClInclude>
    <ClInclude Include="zh\graph\edge\edge_fwd.hpp">
      <Filter>Header Files</Filter>
    </ClInclude>
    <ClInclude Include="zh\graph\node\node_iterator.hpp">
      <Filter>Header Files</Filter>
    </ClInclude>
    <ClInclude Include="zh\graph\node\edge_iterator.hpp">
      <Filter>Header Files</Filter>
    </ClInclude>
    <ClInclude Include="zh\graph\node\nodes_view.hpp">
      <Filter>Header Files</Filter>
    </ClInclude>
    <ClInclude Include="zh\graph\node\edges_view.hpp">
      <Filter>Header Files</Filter>
    </ClInclude>
    <ClInclude Include="deps\nlohmann\json.hpp">
      <Filter>Header Files</Filter>
    </ClInclude>
    <ClInclude Include="zh\graph\graph_fwd.hpp">
      <Filter>Header Files</Filter>
    </ClInclude>
    <ClInclude Include="zh\graph\iterator.hpp">
      <Filter>Header Files</Filter>
    </ClInclude>
    <ClInclude Include="zh\graph\node_iterator.hpp">
      <Filter>Header Files</Filter>
    </ClInclude>
    <ClInclude Include="zh\graph\edge_iterator.hpp">
      <Filter>Header Files</Filter>
    </ClInclude>
    <ClInclude Include="zh\graph\nodes_view.hpp">
      <Filter>Header Files</Filter>
    </ClInclude>
    <ClInclude Include="zh\graph\edges_view.hpp">
      <Filter>Header Files</Filter>
    </ClInclude>
    <ClInclude Include="zh\graph\graph_void_E.hpp">
      <Filter>Header Files</Filter>
    </ClInclude>
    <ClInclude Include="zh\graph\node_iterator_void_E.hpp">
      <Filter>Header Files</Filter>
    </ClInclude>
    <ClInclude Include="zh\graph\node\node_void_E.hpp">
      <Filter>Header Files</Filter>
    </ClInclude>
    <ClInclude Include="deps\zh\prism\cfprism.hpp">
      <Filter>Header Files</Filter>
    </ClInclude>
    <ClInclude Include="deps\zh\prism\cprism.hpp">
      <Filter>Header Files</Filter>
    </ClInclude>
    <ClInclude Include="deps\zh\prism\fprism.hpp">
      <Filter>Header Files</Filter>
    </ClInclude>
    <ClInclude Include="deps\zh\prism\prism.hpp">
      <Filter>Header Files</Filter>
    </ClInclude>
    <ClInclude Include="deps\zh\prism.hpp">
      <Filter>Header Files</Filter>
    </ClInclude>
  </ItemGroup>
  <ItemGroup>
    <None Include="deps\zh\manual_ptr\manual_ptr.inl">
      <Filter>Header Files</Filter>
    </None>
    <None Include="zh\graph\connection\connection.inl">
      <Filter>Header Files</Filter>
    </None>
    <None Include="zh\graph\connection\connection_functors.inl">
      <Filter>Header Files</Filter>
    </None>
    <None Include="zh\graph\node\functors.inl">
      <Filter>Header Files</Filter>
    </None>
    <None Include="zh\graph\edge\edge.inl">
      <Filter>Header Files</Filter>
    </None>
    <None Include="zh\graph\node\nodes_view.inl">
      <Filter>Header Files</Filter>
    </None>
    <None Include="zh\graph\node\node.inl">
      <Filter>Header Files</Filter>
    </None>
    <None Include="zh\graph\graph.inl">
      <Filter>Header Files</Filter>
    </None>
    <None Include="zh\graph\node\edge_iterator.inl">
      <Filter>Header Files</Filter>
    </None>
    <None Include="zh\graph\edge_iterator.inl">
      <Filter>Header Files</Filter>
    </None>
    <None Include="zh\graph\iterator.inl">
      <Filter>Header Files</Filter>
    </None>
    <None Include="zh\graph\node_iterator.inl">
      <Filter>Header Files</Filter>
    </None>
    <None Include="zh\graph\edges_view.inl">
      <Filter>Header Files</Filter>
    </None>
    <None Include="deps\zh\prism\cfprism.inl">
      <Filter>Header Files</Filter>
    </None>
    <None Include="deps\zh\prism\cprism.inl">
      <Filter>Header Files</Filter>
    </None>
    <None Include="deps\zh\prism\fprism.inl">
      <Filter>Header Files</Filter>
    </None>
    <None Include="deps\zh\prism\prism.inl">
      <Filter>Header Files</Filter>
    </None>
  </ItemGroup>
</Project>